
Microsoft Visual Studio Solution File, Format Version 12.00
# Visual Studio Version 16
VisualStudioVersion = 16.0.29324.140
MinimumVisualStudioVersion = 10.0.40219.1
Project("{FAE04EC0-301F-11D3-BF4B-00C04F79EFBC}") = "02_Brunner_Contact_List", "02_Brunner_Contact_List\02_Brunner_Contact_List.csproj", "{89C38C00-AB40-43E2-B9F4-CCDD4392D02D}"
EndProject
Global
	GlobalSection(SolutionConfigurationPlatforms) = preSolution
		Debug|Any CPU = Debug|Any CPU
		Release|Any CPU = Release|Any CPU
	EndGlobalSection
	GlobalSection(ProjectConfigurationPlatforms) = postSolution
		{89C38C00-AB40-43E2-B9F4-CCDD4392D02D}.Debug|Any CPU.ActiveCfg = Debug|Any CPU
		{89C38C00-AB40-43E2-B9F4-CCDD4392D02D}.Debug|Any CPU.Build.0 = Debug|Any CPU
		{89C38C00-AB40-43E2-B9F4-CCDD4392D02D}.Release|Any CPU.ActiveCfg = Release|Any CPU
		{89C38C00-AB40-43E2-B9F4-CCDD4392D02D}.Release|Any CPU.Build.0 = Release|Any CPU
	EndGlobalSection
	GlobalSection(SolutionProperties) = preSolution
		HideSolutionNode = FALSE
	EndGlobalSection
	GlobalSection(ExtensibilityGlobals) = postSolution
		SolutionGuid = {8ECD0677-F613-4459-9AA5-3A66B2BAAEF2}
	EndGlobalSection
EndGlobal
